
Microsoft Visual Studio Solution File, Format Version 12.00
# Visual Studio Version 17
VisualStudioVersion = 17.6.33829.357
MinimumVisualStudioVersion = 10.0.40219.1
Project("{9A19103F-16F7-4668-BE54-9A1E7A4F7556}") = "InnovexBackend", "InnovexBackend.csproj", "{A25603A6-47B9-455F-BB16-53257340B60C}"
EndProject
Project("{9A19103F-16F7-4668-BE54-9A1E7A4F7556}") = "Innovex Bank", "..\Innovex-Bank.App\Innovex Bank.csproj", "{3F8A38F0-1516-4B91-91E4-54D24D371D9D}"
EndProject
Global
	GlobalSection(SolutionConfigurationPlatforms) = preSolution
		Debug|Any CPU = Debug|Any CPU
		Release|Any CPU = Release|Any CPU
	EndGlobalSection
	GlobalSection(ProjectConfigurationPlatforms) = postSolution
		{A25603A6-47B9-455F-BB16-53257340B60C}.Debug|Any CPU.ActiveCfg = Debug|Any CPU
		{A25603A6-47B9-455F-BB16-53257340B60C}.Debug|Any CPU.Build.0 = Debug|Any CPU
		{A25603A6-47B9-455F-BB16-53257340B60C}.Release|Any CPU.ActiveCfg = Release|Any CPU
		{A25603A6-47B9-455F-BB16-53257340B60C}.Release|Any CPU.Build.0 = Release|Any CPU
		{3F8A38F0-1516-4B91-91E4-54D24D371D9D}.Debug|Any CPU.ActiveCfg = Debug|Any CPU
		{3F8A38F0-1516-4B91-91E4-54D24D371D9D}.Debug|Any CPU.Build.0 = Debug|Any CPU
		{3F8A38F0-1516-4B91-91E4-54D24D371D9D}.Release|Any CPU.ActiveCfg = Release|Any CPU
		{3F8A38F0-1516-4B91-91E4-54D24D371D9D}.Release|Any CPU.Build.0 = Release|Any CPU
	EndGlobalSection
	GlobalSection(SolutionProperties) = preSolution
		HideSolutionNode = FALSE
	EndGlobalSection
	GlobalSection(ExtensibilityGlobals) = postSolution
		SolutionGuid = {73802966-9CD3-472F-9A06-7A3E7307E0D2}
	EndGlobalSection
EndGlobal
