
Microsoft Visual Studio Solution File, Format Version 12.00
# Visual Studio Version 16
VisualStudioVersion = 25.0.1706.7
MinimumVisualStudioVersion = 10.0.40219.1
Project("{FAE04EC0-301F-11D3-BF4B-00C04F79EFBC}") = "InnovexProject", "InnovexProject.csproj", "{95DA1D1D-4BBC-454F-BC8B-F2E684347C72}"
EndProject
Global
	GlobalSection(SolutionConfigurationPlatforms) = preSolution
		Debug|Any CPU = Debug|Any CPU
		Release|Any CPU = Release|Any CPU
	EndGlobalSection
	GlobalSection(ProjectConfigurationPlatforms) = postSolution
		{95DA1D1D-4BBC-454F-BC8B-F2E684347C72}.Debug|Any CPU.ActiveCfg = Debug|Any CPU
		{95DA1D1D-4BBC-454F-BC8B-F2E684347C72}.Debug|Any CPU.Build.0 = Debug|Any CPU
		{95DA1D1D-4BBC-454F-BC8B-F2E684347C72}.Release|Any CPU.ActiveCfg = Release|Any CPU
		{95DA1D1D-4BBC-454F-BC8B-F2E684347C72}.Release|Any CPU.Build.0 = Release|Any CPU
	EndGlobalSection
	GlobalSection(SolutionProperties) = preSolution
		HideSolutionNode = FALSE
	EndGlobalSection
	GlobalSection(ExtensibilityGlobals) = postSolution
		SolutionGuid = {6C28EA79-E05D-4420-8E84-21DA2A198E64}
	EndGlobalSection
EndGlobal
